
Microsoft Visual Studio Solution File, Format Version 12.00
# Visual Studio Version 16
VisualStudioVersion = 16.0.809.7
MinimumVisualStudioVersion = 10.0.40219.1
Project("{FAE04EC0-301F-11D3-BF4B-00C04F79EFBC}") = "rocket.chat.integration", "rocket.chat.integration.csproj", "{377F252F-7644-4239-AAF8-A969E47A11CC}"
EndProject
Global
	GlobalSection(SolutionConfigurationPlatforms) = preSolution
		Debug|Any CPU = Debug|Any CPU
		Release|Any CPU = Release|Any CPU
	EndGlobalSection
	GlobalSection(ProjectConfigurationPlatforms) = postSolution
		{377F252F-7644-4239-AAF8-A969E47A11CC}.Debug|Any CPU.ActiveCfg = Debug|Any CPU
		{377F252F-7644-4239-AAF8-A969E47A11CC}.Debug|Any CPU.Build.0 = Debug|Any CPU
		{377F252F-7644-4239-AAF8-A969E47A11CC}.Release|Any CPU.ActiveCfg = Release|Any CPU
		{377F252F-7644-4239-AAF8-A969E47A11CC}.Release|Any CPU.Build.0 = Release|Any CPU
	EndGlobalSection
	GlobalSection(SolutionProperties) = preSolution
		HideSolutionNode = FALSE
	EndGlobalSection
	GlobalSection(ExtensibilityGlobals) = postSolution
		SolutionGuid = {1EDA41CE-EE5E-4201-95EC-1F8EB6491C92}
	EndGlobalSection
EndGlobal
